
Microsoft Visual Studio Solution File, Format Version 12.00
# Visual Studio Version 16
VisualStudioVersion = 16.0.29215.179
MinimumVisualStudioVersion = 10.0.40219.1
Project("{FAE04EC0-301F-11D3-BF4B-00C04F79EFBC}") = "Excel_Viewer", "Excel_Viewer\Excel_Viewer.csproj", "{8E12489F-C196-4959-A482-91FE252A0984}"
EndProject
Global
	GlobalSection(SolutionConfigurationPlatforms) = preSolution
		Debug|Any CPU = Debug|Any CPU
		Release|Any CPU = Release|Any CPU
	EndGlobalSection
	GlobalSection(ProjectConfigurationPlatforms) = postSolution
		{8E12489F-C196-4959-A482-91FE252A0984}.Debug|Any CPU.ActiveCfg = Debug|Any CPU
		{8E12489F-C196-4959-A482-91FE252A0984}.Debug|Any CPU.Build.0 = Debug|Any CPU
		{8E12489F-C196-4959-A482-91FE252A0984}.Release|Any CPU.ActiveCfg = Release|Any CPU
		{8E12489F-C196-4959-A482-91FE252A0984}.Release|Any CPU.Build.0 = Release|Any CPU
	EndGlobalSection
	GlobalSection(SolutionProperties) = preSolution
		HideSolutionNode = FALSE
	EndGlobalSection
	GlobalSection(ExtensibilityGlobals) = postSolution
		SolutionGuid = {377F33F2-8DDD-44F5-8E7E-35944E498F97}
	EndGlobalSection
EndGlobal
